
Microsoft Visual Studio Solution File, Format Version 12.00
# Visual Studio 15
VisualStudioVersion = 15.0.28307.136
MinimumVisualStudioVersion = 10.0.40219.1
Project("{9A19103F-16F7-4668-BE54-9A1E7A4F7556}") = "RxWorkshop", "RxWorkshop\RxWorkshop.csproj", "{221B2CDA-0AFA-4C7E-BF7E-4EC33D941A5B}"
EndProject
Project("{2150E333-8FDC-42A3-9474-1A3956D46DE8}") = "Solution Items", "Solution Items", "{E1291082-A693-4EEF-B400-C3F5957FF835}"
	ProjectSection(SolutionItems) = preProject
		einfuehrung.md = einfuehrung.md
		errorhandling.md = errorhandling.md
		observables.md = observables.md
		operations.md = operations.md
		pitfalls.md = pitfalls.md
		readme.md = readme.md
		scheduler.md = scheduler.md
		tldr.md = tldr.md
	EndProjectSection
EndProject
Project("{FAE04EC0-301F-11D3-BF4B-00C04F79EFBC}") = "Challenge1", "Challenge1\Challenge1.csproj", "{5E3754AF-1056-449C-9583-B3617109FD94}"
EndProject
Project("{FAE04EC0-301F-11D3-BF4B-00C04F79EFBC}") = "Challenge2", "Challenge2\Challenge2.csproj", "{361BC93A-3687-4F97-81D6-98564512B1EC}"
EndProject
Global
	GlobalSection(SolutionConfigurationPlatforms) = preSolution
		Debug|Any CPU = Debug|Any CPU
		Release|Any CPU = Release|Any CPU
	EndGlobalSection
	GlobalSection(ProjectConfigurationPlatforms) = postSolution
		{221B2CDA-0AFA-4C7E-BF7E-4EC33D941A5B}.Debug|Any CPU.ActiveCfg = Debug|Any CPU
		{221B2CDA-0AFA-4C7E-BF7E-4EC33D941A5B}.Debug|Any CPU.Build.0 = Debug|Any CPU
		{221B2CDA-0AFA-4C7E-BF7E-4EC33D941A5B}.Release|Any CPU.ActiveCfg = Release|Any CPU
		{221B2CDA-0AFA-4C7E-BF7E-4EC33D941A5B}.Release|Any CPU.Build.0 = Release|Any CPU
		{5E3754AF-1056-449C-9583-B3617109FD94}.Debug|Any CPU.ActiveCfg = Debug|Any CPU
		{5E3754AF-1056-449C-9583-B3617109FD94}.Debug|Any CPU.Build.0 = Debug|Any CPU
		{5E3754AF-1056-449C-9583-B3617109FD94}.Release|Any CPU.ActiveCfg = Release|Any CPU
		{5E3754AF-1056-449C-9583-B3617109FD94}.Release|Any CPU.Build.0 = Release|Any CPU
		{361BC93A-3687-4F97-81D6-98564512B1EC}.Debug|Any CPU.ActiveCfg = Debug|Any CPU
		{361BC93A-3687-4F97-81D6-98564512B1EC}.Debug|Any CPU.Build.0 = Debug|Any CPU
		{361BC93A-3687-4F97-81D6-98564512B1EC}.Release|Any CPU.ActiveCfg = Release|Any CPU
		{361BC93A-3687-4F97-81D6-98564512B1EC}.Release|Any CPU.Build.0 = Release|Any CPU
	EndGlobalSection
	GlobalSection(SolutionProperties) = preSolution
		HideSolutionNode = FALSE
	EndGlobalSection
	GlobalSection(ExtensibilityGlobals) = postSolution
		SolutionGuid = {DEEA8C9A-6515-46DA-ADE3-8C709CC52BF0}
	EndGlobalSection
EndGlobal
